
Microsoft Visual Studio Solution File, Format Version 12.00
# Visual Studio Version 17
VisualStudioVersion = 17.13.35825.156 d17.13
MinimumVisualStudioVersion = 10.0.40219.1
Project("{FAE04EC0-301F-11D3-BF4B-00C04F79EFBC}") = "ClassmatesRPGSimulator", "ClassmatesRPGSimulator\ClassmatesRPGSimulator.csproj", "{A5A8E68D-F261-407B-8C80-19EA3DF15372}"
EndProject
Global
	GlobalSection(SolutionConfigurationPlatforms) = preSolution
		Debug|Any CPU = Debug|Any CPU
		Release|Any CPU = Release|Any CPU
	EndGlobalSection
	GlobalSection(ProjectConfigurationPlatforms) = postSolution
		{A5A8E68D-F261-407B-8C80-19EA3DF15372}.Debug|Any CPU.ActiveCfg = Debug|Any CPU
		{A5A8E68D-F261-407B-8C80-19EA3DF15372}.Debug|Any CPU.Build.0 = Debug|Any CPU
		{A5A8E68D-F261-407B-8C80-19EA3DF15372}.Release|Any CPU.ActiveCfg = Release|Any CPU
		{A5A8E68D-F261-407B-8C80-19EA3DF15372}.Release|Any CPU.Build.0 = Release|Any CPU
	EndGlobalSection
	GlobalSection(SolutionProperties) = preSolution
		HideSolutionNode = FALSE
	EndGlobalSection
	GlobalSection(ExtensibilityGlobals) = postSolution
		SolutionGuid = {6D7C86CD-F4A9-41BD-9891-DA0D62E7752D}
	EndGlobalSection
EndGlobal
